
Microsoft Visual Studio Solution File, Format Version 12.00
# Visual Studio 15
VisualStudioVersion = 15.0.27130.2027
MinimumVisualStudioVersion = 10.0.40219.1
Project("{FAE04EC0-301F-11D3-BF4B-00C04F79EFBC}") = "LinkStart", "LinkStart\LinkStart.csproj", "{2CAFE094-F0E5-4233-897B-DBBB413ACB7C}"
EndProject
Global
	GlobalSection(SolutionConfigurationPlatforms) = preSolution
		Debug|Any CPU = Debug|Any CPU
		Release|Any CPU = Release|Any CPU
	EndGlobalSection
	GlobalSection(ProjectConfigurationPlatforms) = postSolution
		{2CAFE094-F0E5-4233-897B-DBBB413ACB7C}.Debug|Any CPU.ActiveCfg = Debug|Any CPU
		{2CAFE094-F0E5-4233-897B-DBBB413ACB7C}.Debug|Any CPU.Build.0 = Debug|Any CPU
		{2CAFE094-F0E5-4233-897B-DBBB413ACB7C}.Release|Any CPU.ActiveCfg = Release|Any CPU
		{2CAFE094-F0E5-4233-897B-DBBB413ACB7C}.Release|Any CPU.Build.0 = Release|Any CPU
	EndGlobalSection
	GlobalSection(SolutionProperties) = preSolution
		HideSolutionNode = FALSE
	EndGlobalSection
	GlobalSection(ExtensibilityGlobals) = postSolution
		SolutionGuid = {6599D75D-4C08-4DFC-A382-47B384C2EB69}
	EndGlobalSection
EndGlobal
